
Microsoft Visual Studio Solution File, Format Version 12.00
# Visual Studio 2012
Project("{FAE04EC0-301F-11D3-BF4B-00C04F79EFBC}") = "TaskBook.WebApi", "TaskBook.WebApi\TaskBook.WebApi.csproj", "{CDD91F07-1CF3-4CA7-A36A-7BA627F85634}"
EndProject
Project("{2150E333-8FDC-42A3-9474-1A3956D46DE8}") = ".nuget", ".nuget", "{7A6D4C75-DE35-4E21-8430-8241D8CEDDC9}"
	ProjectSection(SolutionItems) = preProject
		.nuget\NuGet.Config = .nuget\NuGet.Config
		.nuget\NuGet.exe = .nuget\NuGet.exe
		.nuget\NuGet.targets = .nuget\NuGet.targets
	EndProjectSection
EndProject
Project("{FAE04EC0-301F-11D3-BF4B-00C04F79EFBC}") = "TaskBook.DomainModel", "TaskBook.DomainModel\TaskBook.DomainModel.csproj", "{E324A2EE-A49F-4B96-80C6-5E87FAAB474A}"
EndProject
Project("{FAE04EC0-301F-11D3-BF4B-00C04F79EFBC}") = "TaskBook.DataAccessLayer", "TaskBook.DataAccessLayer\TaskBook.DataAccessLayer.csproj", "{BD70DB56-CC9D-4040-8DCD-1A12C3548F73}"
EndProject
Project("{FAE04EC0-301F-11D3-BF4B-00C04F79EFBC}") = "TaskBook.TestDatabase", "TaskBook.TestDatabase\TaskBook.TestDatabase.csproj", "{EC948BB6-243C-4EE0-A4E6-85208DBB7E2C}"
EndProject
Project("{FAE04EC0-301F-11D3-BF4B-00C04F79EFBC}") = "TaskBook.Services", "TaskBook.Services\TaskBook.Services.csproj", "{78570F18-1CC8-457E-A862-010732E5D3B2}"
EndProject
Global
	GlobalSection(SolutionConfigurationPlatforms) = preSolution
		Debug|Any CPU = Debug|Any CPU
		Release|Any CPU = Release|Any CPU
	EndGlobalSection
	GlobalSection(ProjectConfigurationPlatforms) = postSolution
		{CDD91F07-1CF3-4CA7-A36A-7BA627F85634}.Debug|Any CPU.ActiveCfg = Debug|Any CPU
		{CDD91F07-1CF3-4CA7-A36A-7BA627F85634}.Debug|Any CPU.Build.0 = Debug|Any CPU
		{CDD91F07-1CF3-4CA7-A36A-7BA627F85634}.Release|Any CPU.ActiveCfg = Release|Any CPU
		{CDD91F07-1CF3-4CA7-A36A-7BA627F85634}.Release|Any CPU.Build.0 = Release|Any CPU
		{E324A2EE-A49F-4B96-80C6-5E87FAAB474A}.Debug|Any CPU.ActiveCfg = Debug|Any CPU
		{E324A2EE-A49F-4B96-80C6-5E87FAAB474A}.Debug|Any CPU.Build.0 = Debug|Any CPU
		{E324A2EE-A49F-4B96-80C6-5E87FAAB474A}.Release|Any CPU.ActiveCfg = Release|Any CPU
		{E324A2EE-A49F-4B96-80C6-5E87FAAB474A}.Release|Any CPU.Build.0 = Release|Any CPU
		{BD70DB56-CC9D-4040-8DCD-1A12C3548F73}.Debug|Any CPU.ActiveCfg = Debug|Any CPU
		{BD70DB56-CC9D-4040-8DCD-1A12C3548F73}.Debug|Any CPU.Build.0 = Debug|Any CPU
		{BD70DB56-CC9D-4040-8DCD-1A12C3548F73}.Release|Any CPU.ActiveCfg = Release|Any CPU
		{BD70DB56-CC9D-4040-8DCD-1A12C3548F73}.Release|Any CPU.Build.0 = Release|Any CPU
		{EC948BB6-243C-4EE0-A4E6-85208DBB7E2C}.Debug|Any CPU.ActiveCfg = Debug|Any CPU
		{EC948BB6-243C-4EE0-A4E6-85208DBB7E2C}.Debug|Any CPU.Build.0 = Debug|Any CPU
		{EC948BB6-243C-4EE0-A4E6-85208DBB7E2C}.Release|Any CPU.ActiveCfg = Release|Any CPU
		{EC948BB6-243C-4EE0-A4E6-85208DBB7E2C}.Release|Any CPU.Build.0 = Release|Any CPU
		{78570F18-1CC8-457E-A862-010732E5D3B2}.Debug|Any CPU.ActiveCfg = Debug|Any CPU
		{78570F18-1CC8-457E-A862-010732E5D3B2}.Debug|Any CPU.Build.0 = Debug|Any CPU
		{78570F18-1CC8-457E-A862-010732E5D3B2}.Release|Any CPU.ActiveCfg = Release|Any CPU
		{78570F18-1CC8-457E-A862-010732E5D3B2}.Release|Any CPU.Build.0 = Release|Any CPU
	EndGlobalSection
	GlobalSection(SolutionProperties) = preSolution
		HideSolutionNode = FALSE
	EndGlobalSection
EndGlobal
